// !$*UTF8*$!
{
	archiveVersion = 1;
	classes = {
	};
	objectVersion = 46;
	objects = {

/* Begin PBXBuildFile section */
		979CD5251ED2CF9F00450E74 /* main.m in Sources */ = {isa = PBXBuildFile; fileRef = 979CD5241ED2CF9F00450E74 /* main.m */; };
		979CD5281ED2CF9F00450E74 /* AppDelegate.m in Sources */ = {isa = PBXBuildFile; fileRef = 979CD5271ED2CF9F00450E74 /* AppDelegate.m */; };
		979CD52E1ED2CF9F00450E74 /* Main.storyboard in Resources */ = {isa = PBXBuildFile; fileRef = 979CD52C1ED2CF9F00450E74 /* Main.storyboard */; };
		979CD5301ED2CF9F00450E74 /* Assets.xcassets in Resources */ = {isa = PBXBuildFile; fileRef = 979CD52F1ED2CF9F00450E74 /* Assets.xcassets */; };
		979CD5331ED2CF9F00450E74 /* LaunchScreen.storyboard in Resources */ = {isa = PBXBuildFile; fileRef = 979CD5311ED2CF9F00450E74 /* LaunchScreen.storyboard */; };
		979CD53E1ED2D02600450E74 /* ExchangeClient.m in Sources */ = {isa = PBXBuildFile; fileRef = 979CD53D1ED2D02600450E74 /* ExchangeClient.m */; };
		979CD5411ED2D13300450E74 /* Currency.m in Sources */ = {isa = PBXBuildFile; fileRef = 979CD5401ED2D13300450E74 /* Currency.m */; };
		979CD5441ED2D77200450E74 /* APIController.m in Sources */ = {isa = PBXBuildFile; fileRef = 979CD5431ED2D77200450E74 /* APIController.m */; };
		979CD54A1ED2E37100450E74 /* RatesParser.m in Sources */ = {isa = PBXBuildFile; fileRef = 979CD5491ED2E37100450E74 /* RatesParser.m */; };
		979CD54D1ED2EBDE00450E74 /* ExchangeRouter.m in Sources */ = {isa = PBXBuildFile; fileRef = 979CD54C1ED2EBDE00450E74 /* ExchangeRouter.m */; };
		979CD5541ED2ED9400450E74 /* ExchangeViewController.m in Sources */ = {isa = PBXBuildFile; fileRef = 979CD5531ED2ED9400450E74 /* ExchangeViewController.m */; };
		979CD5571ED2F72C00450E74 /* ExchangeViewPresenter.m in Sources */ = {isa = PBXBuildFile; fileRef = 979CD5561ED2F72C00450E74 /* ExchangeViewPresenter.m */; };
		979CD55B1ED3003300450E74 /* CurrencyView.m in Sources */ = {isa = PBXBuildFile; fileRef = 979CD55A1ED3003300450E74 /* CurrencyView.m */; };
		979CD55D1ED3004700450E74 /* CurrencyView.xib in Resources */ = {isa = PBXBuildFile; fileRef = 979CD55C1ED3004700450E74 /* CurrencyView.xib */; };
		979CD59E1ED383F600450E74 /* CarouselView.m in Sources */ = {isa = PBXBuildFile; fileRef = 979CD59D1ED383F600450E74 /* CarouselView.m */; };
		979CD5B41ED415AB00450E74 /* ExchangeClientTests.m in Sources */ = {isa = PBXBuildFile; fileRef = 979CD5B31ED415AB00450E74 /* ExchangeClientTests.m */; };
		979CD5B61ED4186D00450E74 /* RatesParserTests.m in Sources */ = {isa = PBXBuildFile; fileRef = 979CD5B51ED4186D00450E74 /* RatesParserTests.m */; };
		979CD5BA1ED4189800450E74 /* test.xml in Resources */ = {isa = PBXBuildFile; fileRef = 979CD5B91ED4189800450E74 /* test.xml */; };
		979CD5BD1ED4198500450E74 /* ExchangePresenterTests.m in Sources */ = {isa = PBXBuildFile; fileRef = 979CD5BC1ED4198500450E74 /* ExchangePresenterTests.m */; };
/* End PBXBuildFile section */

/* Begin PBXContainerItemProxy section */
		979CD5AE1ED4159200450E74 /* PBXContainerItemProxy */ = {
			isa = PBXContainerItemProxy;
			containerPortal = 979CD5181ED2CF9F00450E74 /* Project object */;
			proxyType = 1;
			remoteGlobalIDString = 979CD51F1ED2CF9F00450E74;
			remoteInfo = "test-currency-exchange";
		};
/* End PBXContainerItemProxy section */

/* Begin PBXFileReference section */
		979CD5201ED2CF9F00450E74 /* test-currency-exchange.app */ = {isa = PBXFileReference; explicitFileType = wrapper.application; includeInIndex = 0; path = "test-currency-exchange.app"; sourceTree = BUILT_PRODUCTS_DIR; };
		979CD5241ED2CF9F00450E74 /* main.m */ = {isa = PBXFileReference; lastKnownFileType = sourcecode.c.objc; path = main.m; sourceTree = "<group>"; };
		979CD5261ED2CF9F00450E74 /* AppDelegate.h */ = {isa = PBXFileReference; lastKnownFileType = sourcecode.c.h; path = AppDelegate.h; sourceTree = "<group>"; };
		979CD5271ED2CF9F00450E74 /* AppDelegate.m */ = {isa = PBXFileReference; lastKnownFileType = sourcecode.c.objc; path = AppDelegate.m; sourceTree = "<group>"; };
		979CD52D1ED2CF9F00450E74 /* Base */ = {isa = PBXFileReference; lastKnownFileType = file.storyboard; name = Base; path = Base.lproj/Main.storyboard; sourceTree = "<group>"; };
		979CD52F1ED2CF9F00450E74 /* Assets.xcassets */ = {isa = PBXFileReference; lastKnownFileType = folder.assetcatalog; path = Assets.xcassets; sourceTree = "<group>"; };
		979CD5321ED2CF9F00450E74 /* Base */ = {isa = PBXFileReference; lastKnownFileType = file.storyboard; name = Base; path = Base.lproj/LaunchScreen.storyboard; sourceTree = "<group>"; };
		979CD5341ED2CF9F00450E74 /* Info.plist */ = {isa = PBXFileReference; lastKnownFileType = text.plist.xml; path = Info.plist; sourceTree = "<group>"; };
		979CD53C1ED2D02600450E74 /* ExchangeClient.h */ = {isa = PBXFileReference; fileEncoding = 4; lastKnownFileType = sourcecode.c.h; path = ExchangeClient.h; sourceTree = "<group>"; };
		979CD53D1ED2D02600450E74 /* ExchangeClient.m */ = {isa = PBXFileReference; fileEncoding = 4; lastKnownFileType = sourcecode.c.objc; path = ExchangeClient.m; sourceTree = "<group>"; };
		979CD53F1ED2D13300450E74 /* Currency.h */ = {isa = PBXFileReference; fileEncoding = 4; lastKnownFileType = sourcecode.c.h; path = Currency.h; sourceTree = "<group>"; };
		979CD5401ED2D13300450E74 /* Currency.m */ = {isa = PBXFileReference; fileEncoding = 4; lastKnownFileType = sourcecode.c.objc; path = Currency.m; sourceTree = "<group>"; };
		979CD5421ED2D77200450E74 /* APIController.h */ = {isa = PBXFileReference; fileEncoding = 4; lastKnownFileType = sourcecode.c.h; path = APIController.h; sourceTree = "<group>"; };
		979CD5431ED2D77200450E74 /* APIController.m */ = {isa = PBXFileReference; fileEncoding = 4; lastKnownFileType = sourcecode.c.objc; path = APIController.m; sourceTree = "<group>"; };
		979CD5451ED2DF3400450E74 /* ClientErrors.h */ = {isa = PBXFileReference; fileEncoding = 4; lastKnownFileType = sourcecode.c.h; path = ClientErrors.h; sourceTree = "<group>"; };
		979CD5481ED2E37100450E74 /* RatesParser.h */ = {isa = PBXFileReference; fileEncoding = 4; lastKnownFileType = sourcecode.c.h; path = RatesParser.h; sourceTree = "<group>"; };
		979CD5491ED2E37100450E74 /* RatesParser.m */ = {isa = PBXFileReference; fileEncoding = 4; lastKnownFileType = sourcecode.c.objc; path = RatesParser.m; sourceTree = "<group>"; };
		979CD54B1ED2EBDE00450E74 /* ExchangeRouter.h */ = {isa = PBXFileReference; fileEncoding = 4; lastKnownFileType = sourcecode.c.h; path = ExchangeRouter.h; sourceTree = "<group>"; };
		979CD54C1ED2EBDE00450E74 /* ExchangeRouter.m */ = {isa = PBXFileReference; fileEncoding = 4; lastKnownFileType = sourcecode.c.objc; path = ExchangeRouter.m; sourceTree = "<group>"; };
		979CD5521ED2ED9400450E74 /* ExchangeViewController.h */ = {isa = PBXFileReference; fileEncoding = 4; lastKnownFileType = sourcecode.c.h; path = ExchangeViewController.h; sourceTree = "<group>"; };
		979CD5531ED2ED9400450E74 /* ExchangeViewController.m */ = {isa = PBXFileReference; fileEncoding = 4; lastKnownFileType = sourcecode.c.objc; path = ExchangeViewController.m; sourceTree = "<group>"; };
		979CD5551ED2F72C00450E74 /* ExchangeViewPresenter.h */ = {isa = PBXFileReference; fileEncoding = 4; lastKnownFileType = sourcecode.c.h; path = ExchangeViewPresenter.h; sourceTree = "<group>"; };
		979CD5561ED2F72C00450E74 /* ExchangeViewPresenter.m */ = {isa = PBXFileReference; fileEncoding = 4; lastKnownFileType = sourcecode.c.objc; path = ExchangeViewPresenter.m; sourceTree = "<group>"; };
		979CD5591ED3003300450E74 /* CurrencyView.h */ = {isa = PBXFileReference; fileEncoding = 4; lastKnownFileType = sourcecode.c.h; path = CurrencyView.h; sourceTree = "<group>"; };
		979CD55A1ED3003300450E74 /* CurrencyView.m */ = {isa = PBXFileReference; fileEncoding = 4; lastKnownFileType = sourcecode.c.objc; path = CurrencyView.m; sourceTree = "<group>"; };
		979CD55C1ED3004700450E74 /* CurrencyView.xib */ = {isa = PBXFileReference; fileEncoding = 4; lastKnownFileType = file.xib; path = CurrencyView.xib; sourceTree = "<group>"; };
		979CD59C1ED383F600450E74 /* CarouselView.h */ = {isa = PBXFileReference; fileEncoding = 4; lastKnownFileType = sourcecode.c.h; path = CarouselView.h; sourceTree = "<group>"; };
		979CD59D1ED383F600450E74 /* CarouselView.m */ = {isa = PBXFileReference; fileEncoding = 4; lastKnownFileType = sourcecode.c.objc; path = CarouselView.m; sourceTree = "<group>"; };
		979CD5A91ED4159200450E74 /* test-currency-exchangeTests.xctest */ = {isa = PBXFileReference; explicitFileType = wrapper.cfbundle; includeInIndex = 0; path = "test-currency-exchangeTests.xctest"; sourceTree = BUILT_PRODUCTS_DIR; };
		979CD5AD1ED4159200450E74 /* Info.plist */ = {isa = PBXFileReference; lastKnownFileType = text.plist.xml; path = Info.plist; sourceTree = "<group>"; };
		979CD5B31ED415AB00450E74 /* ExchangeClientTests.m */ = {isa = PBXFileReference; fileEncoding = 4; lastKnownFileType = sourcecode.c.objc; path = ExchangeClientTests.m; sourceTree = "<group>"; };
		979CD5B51ED4186D00450E74 /* RatesParserTests.m */ = {isa = PBXFileReference; fileEncoding = 4; lastKnownFileType = sourcecode.c.objc; path = RatesParserTests.m; sourceTree = "<group>"; };
		979CD5B91ED4189800450E74 /* test.xml */ = {isa = PBXFileReference; fileEncoding = 4; lastKnownFileType = text.xml; path = test.xml; sourceTree = "<group>"; };
		979CD5BC1ED4198500450E74 /* ExchangePresenterTests.m */ = {isa = PBXFileReference; fileEncoding = 4; lastKnownFileType = sourcecode.c.objc; path = ExchangePresenterTests.m; sourceTree = "<group>"; };
/* End PBXFileReference section */

/* Begin PBXFrameworksBuildPhase section */
		979CD51D1ED2CF9F00450E74 /* Frameworks */ = {
			isa = PBXFrameworksBuildPhase;
			buildActionMask = 2147483647;
			files = (
			);
			runOnlyForDeploymentPostprocessing = 0;
		};
		979CD5A61ED4159200450E74 /* Frameworks */ = {
			isa = PBXFrameworksBuildPhase;
			buildActionMask = 2147483647;
			files = (
			);
			runOnlyForDeploymentPostprocessing = 0;
		};
/* End PBXFrameworksBuildPhase section */

/* Begin PBXGroup section */
		979CD5171ED2CF9F00450E74 = {
			isa = PBXGroup;
			children = (
				979CD5221ED2CF9F00450E74 /* test-currency-exchange */,
				979CD5AA1ED4159200450E74 /* test-currency-exchangeTests */,
				979CD5211ED2CF9F00450E74 /* Products */,
			);
			sourceTree = "<group>";
		};
		979CD5211ED2CF9F00450E74 /* Products */ = {
			isa = PBXGroup;
			children = (
				979CD5201ED2CF9F00450E74 /* test-currency-exchange.app */,
				979CD5A91ED4159200450E74 /* test-currency-exchangeTests.xctest */,
			);
			name = Products;
			sourceTree = "<group>";
		};
		979CD5221ED2CF9F00450E74 /* test-currency-exchange */ = {
			isa = PBXGroup;
			children = (
				979CD53B1ED2CFBC00450E74 /* ExchangeUI */,
				979CD53A1ED2CFAA00450E74 /* ExchangeClient */,
				979CD5261ED2CF9F00450E74 /* AppDelegate.h */,
				979CD5271ED2CF9F00450E74 /* AppDelegate.m */,
				979CD52F1ED2CF9F00450E74 /* Assets.xcassets */,
				979CD5311ED2CF9F00450E74 /* LaunchScreen.storyboard */,
				979CD5341ED2CF9F00450E74 /* Info.plist */,
				979CD5231ED2CF9F00450E74 /* Supporting Files */,
			);
			path = "test-currency-exchange";
			sourceTree = "<group>";
		};
		979CD5231ED2CF9F00450E74 /* Supporting Files */ = {
			isa = PBXGroup;
			children = (
				979CD5241ED2CF9F00450E74 /* main.m */,
			);
			name = "Supporting Files";
			sourceTree = "<group>";
		};
		979CD53A1ED2CFAA00450E74 /* ExchangeClient */ = {
			isa = PBXGroup;
			children = (
				979CD53C1ED2D02600450E74 /* ExchangeClient.h */,
				979CD53D1ED2D02600450E74 /* ExchangeClient.m */,
				979CD5451ED2DF3400450E74 /* ClientErrors.h */,
				979CD5A41ED4116700450E74 /* API */,
				979CD5A31ED4116100450E74 /* Parsing */,
				979CD5A11ED4115400450E74 /* Model */,
			);
			name = ExchangeClient;
			sourceTree = "<group>";
		};
		979CD53B1ED2CFBC00450E74 /* ExchangeUI */ = {
			isa = PBXGroup;
			children = (
				979CD5A01ED4114800450E74 /* Storyboards */,
				979CD59F1ED4114200450E74 /* Routers */,
				979CD5581ED2FE4400450E74 /* Views */,
				979CD54E1ED2ED6900450E74 /* ViewControllers */,
			);
			name = ExchangeUI;
			sourceTree = "<group>";
		};
		979CD54E1ED2ED6900450E74 /* ViewControllers */ = {
			isa = PBXGroup;
			children = (
				979CD5521ED2ED9400450E74 /* ExchangeViewController.h */,
				979CD5531ED2ED9400450E74 /* ExchangeViewController.m */,
				979CD5551ED2F72C00450E74 /* ExchangeViewPresenter.h */,
				979CD5561ED2F72C00450E74 /* ExchangeViewPresenter.m */,
			);
			name = ViewControllers;
			sourceTree = "<group>";
		};
		979CD5581ED2FE4400450E74 /* Views */ = {
			isa = PBXGroup;
			children = (
				979CD5591ED3003300450E74 /* CurrencyView.h */,
				979CD55A1ED3003300450E74 /* CurrencyView.m */,
				979CD55C1ED3004700450E74 /* CurrencyView.xib */,
				979CD59C1ED383F600450E74 /* CarouselView.h */,
				979CD59D1ED383F600450E74 /* CarouselView.m */,
			);
			name = Views;
			sourceTree = "<group>";
		};
		979CD59F1ED4114200450E74 /* Routers */ = {
			isa = PBXGroup;
			children = (
				979CD54B1ED2EBDE00450E74 /* ExchangeRouter.h */,
				979CD54C1ED2EBDE00450E74 /* ExchangeRouter.m */,
			);
			name = Routers;
			sourceTree = "<group>";
		};
		979CD5A01ED4114800450E74 /* Storyboards */ = {
			isa = PBXGroup;
			children = (
				979CD52C1ED2CF9F00450E74 /* Main.storyboard */,
			);
			name = Storyboards;
			sourceTree = "<group>";
		};
		979CD5A11ED4115400450E74 /* Model */ = {
			isa = PBXGroup;
			children = (
				979CD53F1ED2D13300450E74 /* Currency.h */,
				979CD5401ED2D13300450E74 /* Currency.m */,
			);
			name = Model;
			sourceTree = "<group>";
		};
		979CD5A31ED4116100450E74 /* Parsing */ = {
			isa = PBXGroup;
			children = (
				979CD5481ED2E37100450E74 /* RatesParser.h */,
				979CD5491ED2E37100450E74 /* RatesParser.m */,
			);
			name = Parsing;
			sourceTree = "<group>";
		};
		979CD5A41ED4116700450E74 /* API */ = {
			isa = PBXGroup;
			children = (
				979CD5421ED2D77200450E74 /* APIController.h */,
				979CD5431ED2D77200450E74 /* APIController.m */,
			);
			name = API;
			sourceTree = "<group>";
		};
		979CD5AA1ED4159200450E74 /* test-currency-exchangeTests */ = {
			isa = PBXGroup;
			children = (
				979CD5BB1ED4195F00450E74 /* UI */,
				979CD5B71ED4187800450E74 /* Client */,
				979CD5AD1ED4159200450E74 /* Info.plist */,
			);
			path = "test-currency-exchangeTests";
			sourceTree = "<group>";
		};
		979CD5B71ED4187800450E74 /* Client */ = {
			isa = PBXGroup;
			children = (
				979CD5B81ED4188900450E74 /* ParserData */,
				979CD5B31ED415AB00450E74 /* ExchangeClientTests.m */,
				979CD5B51ED4186D00450E74 /* RatesParserTests.m */,
			);
			name = Client;
			sourceTree = "<group>";
		};
		979CD5B81ED4188900450E74 /* ParserData */ = {
			isa = PBXGroup;
			children = (
				979CD5B91ED4189800450E74 /* test.xml */,
			);
			name = ParserData;
			sourceTree = "<group>";
		};
		979CD5BB1ED4195F00450E74 /* UI */ = {
			isa = PBXGroup;
			children = (
				979CD5BC1ED4198500450E74 /* ExchangePresenterTests.m */,
			);
			name = UI;
			sourceTree = "<group>";
		};
/* End PBXGroup section */

/* Begin PBXNativeTarget section */
		979CD51F1ED2CF9F00450E74 /* test-currency-exchange */ = {
			isa = PBXNativeTarget;
			buildConfigurationList = 979CD5371ED2CF9F00450E74 /* Build configuration list for PBXNativeTarget "test-currency-exchange" */;
			buildPhases = (
				979CD51C1ED2CF9F00450E74 /* Sources */,
				979CD51D1ED2CF9F00450E74 /* Frameworks */,
				979CD51E1ED2CF9F00450E74 /* Resources */,
			);
			buildRules = (
			);
			dependencies = (
			);
			name = "test-currency-exchange";
			productName = "test-currency-exchange";
			productReference = 979CD5201ED2CF9F00450E74 /* test-currency-exchange.app */;
			productType = "com.apple.product-type.application";
		};
		979CD5A81ED4159200450E74 /* test-currency-exchangeTests */ = {
			isa = PBXNativeTarget;
			buildConfigurationList = 979CD5B01ED4159300450E74 /* Build configuration list for PBXNativeTarget "test-currency-exchangeTests" */;
			buildPhases = (
				979CD5A51ED4159200450E74 /* Sources */,
				979CD5A61ED4159200450E74 /* Frameworks */,
				979CD5A71ED4159200450E74 /* Resources */,
			);
			buildRules = (
			);
			dependencies = (
				979CD5AF1ED4159200450E74 /* PBXTargetDependency */,
			);
			name = "test-currency-exchangeTests";
			productName = "test-currency-exchangeTests";
			productReference = 979CD5A91ED4159200450E74 /* test-currency-exchangeTests.xctest */;
			productType = "com.apple.product-type.bundle.unit-test";
		};
/* End PBXNativeTarget section */

/* Begin PBXProject section */
		979CD5181ED2CF9F00450E74 /* Project object */ = {
			isa = PBXProject;
			attributes = {
				LastUpgradeCheck = 0830;
				ORGANIZATIONNAME = Test;
				TargetAttributes = {
					979CD51F1ED2CF9F00450E74 = {
						CreatedOnToolsVersion = 8.3.2;
						ProvisioningStyle = Automatic;
					};
					979CD5A81ED4159200450E74 = {
						CreatedOnToolsVersion = 8.3.2;
						ProvisioningStyle = Automatic;
						TestTargetID = 979CD51F1ED2CF9F00450E74;
					};
				};
			};
			buildConfigurationList = 979CD51B1ED2CF9F00450E74 /* Build configuration list for PBXProject "test-currency-exchange" */;
			compatibilityVersion = "Xcode 3.2";
			developmentRegion = English;
			hasScannedForEncodings = 0;
			knownRegions = (
				en,
				Base,
			);
			mainGroup = 979CD5171ED2CF9F00450E74;
			productRefGroup = 979CD5211ED2CF9F00450E74 /* Products */;
			projectDirPath = "";
			projectRoot = "";
			targets = (
				979CD51F1ED2CF9F00450E74 /* test-currency-exchange */,
				979CD5A81ED4159200450E74 /* test-currency-exchangeTests */,
			);
		};
/* End PBXProject section */

/* Begin PBXResourcesBuildPhase section */
		979CD51E1ED2CF9F00450E74 /* Resources */ = {
			isa = PBXResourcesBuildPhase;
			buildActionMask = 2147483647;
			files = (
				979CD5331ED2CF9F00450E74 /* LaunchScreen.storyboard in Resources */,
				979CD5301ED2CF9F00450E74 /* Assets.xcassets in Resources */,
				979CD52E1ED2CF9F00450E74 /* Main.storyboard in Resources */,
				979CD55D1ED3004700450E74 /* CurrencyView.xib in Resources */,
			);
			runOnlyForDeploymentPostprocessing = 0;
		};
		979CD5A71ED4159200450E74 /* Resources */ = {
			isa = PBXResourcesBuildPhase;
			buildActionMask = 2147483647;
			files = (
				979CD5BA1ED4189800450E74 /* test.xml in Resources */,
			);
			runOnlyForDeploymentPostprocessing = 0;
		};
/* End PBXResourcesBuildPhase section */

/* Begin PBXSourcesBuildPhase section */
		979CD51C1ED2CF9F00450E74 /* Sources */ = {
			isa = PBXSourcesBuildPhase;
			buildActionMask = 2147483647;
			files = (
				979CD5571ED2F72C00450E74 /* ExchangeViewPresenter.m in Sources */,
				979CD5441ED2D77200450E74 /* APIController.m in Sources */,
				979CD59E1ED383F600450E74 /* CarouselView.m in Sources */,
				979CD5411ED2D13300450E74 /* Currency.m in Sources */,
				979CD5541ED2ED9400450E74 /* ExchangeViewController.m in Sources */,
				979CD53E1ED2D02600450E74 /* ExchangeClient.m in Sources */,
				979CD5281ED2CF9F00450E74 /* AppDelegate.m in Sources */,
				979CD5251ED2CF9F00450E74 /* main.m in Sources */,
				979CD54A1ED2E37100450E74 /* RatesParser.m in Sources */,
				979CD55B1ED3003300450E74 /* CurrencyView.m in Sources */,
				979CD54D1ED2EBDE00450E74 /* ExchangeRouter.m in Sources */,
			);
			runOnlyForDeploymentPostprocessing = 0;
		};
		979CD5A51ED4159200450E74 /* Sources */ = {
			isa = PBXSourcesBuildPhase;
			buildActionMask = 2147483647;
			files = (
				979CD5B61ED4186D00450E74 /* RatesParserTests.m in Sources */,
				979CD5B41ED415AB00450E74 /* ExchangeClientTests.m in Sources */,
				979CD5BD1ED4198500450E74 /* ExchangePresenterTests.m in Sources */,
			);
			runOnlyForDeploymentPostprocessing = 0;
		};
/* End PBXSourcesBuildPhase section */

/* Begin PBXTargetDependency section */
		979CD5AF1ED4159200450E74 /* PBXTargetDependency */ = {
			isa = PBXTargetDependency;
			target = 979CD51F1ED2CF9F00450E74 /* test-currency-exchange */;
			targetProxy = 979CD5AE1ED4159200450E74 /* PBXContainerItemProxy */;
		};
/* End PBXTargetDependency section */

/* Begin PBXVariantGroup section */
		979CD52C1ED2CF9F00450E74 /* Main.storyboard */ = {
			isa = PBXVariantGroup;
			children = (
				979CD52D1ED2CF9F00450E74 /* Base */,
			);
			name = Main.storyboard;
			sourceTree = "<group>";
		};
		979CD5311ED2CF9F00450E74 /* LaunchScreen.storyboard */ = {
			isa = PBXVariantGroup;
			children = (
				979CD5321ED2CF9F00450E74 /* Base */,
			);
			name = LaunchScreen.storyboard;
			sourceTree = "<group>";
		};
/* End PBXVariantGroup section */

/* Begin XCBuildConfiguration section */
		979CD5351ED2CF9F00450E74 /* Debug */ = {
			isa = XCBuildConfiguration;
			buildSettings = {
				ALWAYS_SEARCH_USER_PATHS = NO;
				CLANG_ANALYZER_NONNULL = YES;
				CLANG_ANALYZER_NUMBER_OBJECT_CONVERSION = YES_AGGRESSIVE;
				CLANG_CXX_LANGUAGE_STANDARD = "gnu++0x";
				CLANG_CXX_LIBRARY = "libc++";
				CLANG_ENABLE_MODULES = YES;
				CLANG_ENABLE_OBJC_ARC = YES;
				CLANG_WARN_BOOL_CONVERSION = YES;
				CLANG_WARN_CONSTANT_CONVERSION = YES;
				CLANG_WARN_DIRECT_OBJC_ISA_USAGE = YES_ERROR;
				CLANG_WARN_DOCUMENTATION_COMMENTS = YES;
				CLANG_WARN_EMPTY_BODY = YES;
				CLANG_WARN_ENUM_CONVERSION = YES;
				CLANG_WARN_INFINITE_RECURSION = YES;
				CLANG_WARN_INT_CONVERSION = YES;
				CLANG_WARN_OBJC_ROOT_CLASS = YES_ERROR;
				CLANG_WARN_SUSPICIOUS_MOVE = YES;
				CLANG_WARN_UNREACHABLE_CODE = YES;
				CLANG_WARN__DUPLICATE_METHOD_MATCH = YES;
				"CODE_SIGN_IDENTITY[sdk=iphoneos*]" = "iPhone Developer";
				COPY_PHASE_STRIP = NO;
				DEBUG_INFORMATION_FORMAT = dwarf;
				ENABLE_STRICT_OBJC_MSGSEND = YES;
				ENABLE_TESTABILITY = YES;
				GCC_C_LANGUAGE_STANDARD = gnu99;
				GCC_DYNAMIC_NO_PIC = NO;
				GCC_NO_COMMON_BLOCKS = YES;
				GCC_OPTIMIZATION_LEVEL = 0;
				GCC_PREPROCESSOR_DEFINITIONS = (
					"DEBUG=1",
					"$(inherited)",
				);
				GCC_WARN_64_TO_32_BIT_CONVERSION = YES;
				GCC_WARN_ABOUT_RETURN_TYPE = YES_ERROR;
				GCC_WARN_UNDECLARED_SELECTOR = YES;
				GCC_WARN_UNINITIALIZED_AUTOS = YES_AGGRESSIVE;
				GCC_WARN_UNUSED_FUNCTION = YES;
				GCC_WARN_UNUSED_VARIABLE = YES;
				IPHONEOS_DEPLOYMENT_TARGET = 10.3;
				MTL_ENABLE_DEBUG_INFO = YES;
				ONLY_ACTIVE_ARCH = YES;
				SDKROOT = iphoneos;
				TARGETED_DEVICE_FAMILY = "1,2";
			};
			name = Debug;
		};
		979CD5361ED2CF9F00450E74 /* Release */ = {
			isa = XCBuildConfiguration;
			buildSettings = {
				ALWAYS_SEARCH_USER_PATHS = NO;
				CLANG_ANALYZER_NONNULL = YES;
				CLANG_ANALYZER_NUMBER_OBJECT_CONVERSION = YES_AGGRESSIVE;
				CLANG_CXX_LANGUAGE_STANDARD = "gnu++0x";
				CLANG_CXX_LIBRARY = "libc++";
				CLANG_ENABLE_MODULES = YES;
				CLANG_ENABLE_OBJC_ARC = YES;
				CLANG_WARN_BOOL_CONVERSION = YES;
				CLANG_WARN_CONSTANT_CONVERSION = YES;
				CLANG_WARN_DIRECT_OBJC_ISA_USAGE = YES_ERROR;
				CLANG_WARN_DOCUMENTATION_COMMENTS = YES;
				CLANG_WARN_EMPTY_BODY = YES;
				CLANG_WARN_ENUM_CONVERSION = YES;
				CLANG_WARN_INFINITE_RECURSION = YES;
				CLANG_WARN_INT_CONVERSION = YES;
				CLANG_WARN_OBJC_ROOT_CLASS = YES_ERROR;
				CLANG_WARN_SUSPICIOUS_MOVE = YES;
				CLANG_WARN_UNREACHABLE_CODE = YES;
				CLANG_WARN__DUPLICATE_METHOD_MATCH = YES;
				"CODE_SIGN_IDENTITY[sdk=iphoneos*]" = "iPhone Developer";
				COPY_PHASE_STRIP = NO;
				DEBUG_INFORMATION_FORMAT = "dwarf-with-dsym";
				ENABLE_NS_ASSERTIONS = NO;
				ENABLE_STRICT_OBJC_MSGSEND = YES;
				GCC_C_LANGUAGE_STANDARD = gnu99;
				GCC_NO_COMMON_BLOCKS = YES;
				GCC_WARN_64_TO_32_BIT_CONVERSION = YES;
				GCC_WARN_ABOUT_RETURN_TYPE = YES_ERROR;
				GCC_WARN_UNDECLARED_SELECTOR = YES;
				GCC_WARN_UNINITIALIZED_AUTOS = YES_AGGRESSIVE;
				GCC_WARN_UNUSED_FUNCTION = YES;
				GCC_WARN_UNUSED_VARIABLE = YES;
				IPHONEOS_DEPLOYMENT_TARGET = 10.3;
				MTL_ENABLE_DEBUG_INFO = NO;
				SDKROOT = iphoneos;
				TARGETED_DEVICE_FAMILY = "1,2";
				VALIDATE_PRODUCT = YES;
			};
			name = Release;
		};
		979CD5381ED2CF9F00450E74 /* Debug */ = {
			isa = XCBuildConfiguration;
			buildSettings = {
				ASSETCATALOG_COMPILER_APPICON_NAME = AppIcon;
				INFOPLIST_FILE = "test-currency-exchange/Info.plist";
				LD_RUNPATH_SEARCH_PATHS = "$(inherited) @executable_path/Frameworks";
				PRODUCT_BUNDLE_IDENTIFIER = "com.test.test-currency-exchange";
				PRODUCT_NAME = "$(TARGET_NAME)";
			};
			name = Debug;
		};
		979CD5391ED2CF9F00450E74 /* Release */ = {
			isa = XCBuildConfiguration;
			buildSettings = {
				ASSETCATALOG_COMPILER_APPICON_NAME = AppIcon;
				INFOPLIST_FILE = "test-currency-exchange/Info.plist";
				LD_RUNPATH_SEARCH_PATHS = "$(inherited) @executable_path/Frameworks";
				PRODUCT_BUNDLE_IDENTIFIER = "com.test.test-currency-exchange";
				PRODUCT_NAME = "$(TARGET_NAME)";
			};
			name = Release;
		};
		979CD5B11ED4159300450E74 /* Debug */ = {
			isa = XCBuildConfiguration;
			buildSettings = {
				BUNDLE_LOADER = "$(TEST_HOST)";
				INFOPLIST_FILE = "test-currency-exchangeTests/Info.plist";
				LD_RUNPATH_SEARCH_PATHS = "$(inherited) @executable_path/Frameworks @loader_path/Frameworks";
				PRODUCT_BUNDLE_IDENTIFIER = "com.test.test-currency-exchangeTests";
				PRODUCT_NAME = "$(TARGET_NAME)";
				TEST_HOST = "$(BUILT_PRODUCTS_DIR)/test-currency-exchange.app/test-currency-exchange";
			};
			name = Debug;
		};
		979CD5B21ED4159300450E74 /* Release */ = {
			isa = XCBuildConfiguration;
			buildSettings = {
				BUNDLE_LOADER = "$(TEST_HOST)";
				INFOPLIST_FILE = "test-currency-exchangeTests/Info.plist";
				LD_RUNPATH_SEARCH_PATHS = "$(inherited) @executable_path/Frameworks @loader_path/Frameworks";
				PRODUCT_BUNDLE_IDENTIFIER = "com.test.test-currency-exchangeTests";
				PRODUCT_NAME = "$(TARGET_NAME)";
				TEST_HOST = "$(BUILT_PRODUCTS_DIR)/test-currency-exchange.app/test-currency-exchange";
			};
			name = Release;
		};
/* End XCBuildConfiguration section */

/* Begin XCConfigurationList section */
		979CD51B1ED2CF9F00450E74 /* Build configuration list for PBXProject "test-currency-exchange" */ = {
			isa = XCConfigurationList;
			buildConfigurations = (
				979CD5351ED2CF9F00450E74 /* Debug */,
				979CD5361ED2CF9F00450E74 /* Release */,
			);
			defaultConfigurationIsVisible = 0;
			defaultConfigurationName = Release;
		};
		979CD5371ED2CF9F00450E74 /* Build configuration list for PBXNativeTarget "test-currency-exchange" */ = {
			isa = XCConfigurationList;
			buildConfigurations = (
				979CD5381ED2CF9F00450E74 /* Debug */,
				979CD5391ED2CF9F00450E74 /* Release */,
			);
			defaultConfigurationIsVisible = 0;
			defaultConfigurationName = Release;
		};
		979CD5B01ED4159300450E74 /* Build configuration list for PBXNativeTarget "test-currency-exchangeTests" */ = {
			isa = XCConfigurationList;
			buildConfigurations = (
				979CD5B11ED4159300450E74 /* Debug */,
				979CD5B21ED4159300450E74 /* Release */,
			);
			defaultConfigurationIsVisible = 0;
		};
/* End XCConfigurationList section */
	};
	rootObject = 979CD5181ED2CF9F00450E74 /* Project object */;
}
